
Microsoft Visual Studio Solution File, Format Version 12.00
# Visual Studio Version 16
VisualStudioVersion = 16.0.30114.105
MinimumVisualStudioVersion = 10.0.40219.1
Project("{2150E333-8FDC-42A3-9474-1A3956D46DE8}") = "src", "src", "{5B194365-E498-4DE5-BD41-485B20D488C8}"
EndProject
Project("{2150E333-8FDC-42A3-9474-1A3956D46DE8}") = "test", "test", "{0753C455-1E69-49BF-B290-89B68381A996}"
EndProject
Project("{9A19103F-16F7-4668-BE54-9A1E7A4F7556}") = "Way2Commerce.Domain", "src\Way2Commerce.Domain\Way2Commerce.Domain.csproj", "{549B657C-7F5E-401A-B053-3CE46DB47A1E}"
EndProject
Project("{9A19103F-16F7-4668-BE54-9A1E7A4F7556}") = "Way2Commerce.Data", "src\Way2Commerce.Data\Way2Commerce.Data.csproj", "{AF403D63-BE8C-40CD-A76C-EE978448E51C}"
EndProject
Project("{9A19103F-16F7-4668-BE54-9A1E7A4F7556}") = "Way2Commerce.Api", "src\Way2Commerce.Api\Way2Commerce.Api.csproj", "{DACC224F-3880-4E66-BA51-2060E2DEB99D}"
EndProject
Project("{FAE04EC0-301F-11D3-BF4B-00C04F79EFBC}") = "Way2Commerce.Domain.Tests", "test\Way2Commerce.Domain.Tests\Way2Commerce.Domain.Tests.csproj", "{8CDDA110-7134-4ADF-A103-BB53A02BFC33}"
EndProject
Project("{FAE04EC0-301F-11D3-BF4B-00C04F79EFBC}") = "Way2Commerce.Data.Tests", "test\Way2Commerce.Data.Tests\Way2Commerce.Data.Tests.csproj", "{0A857674-B93B-4524-9799-3529E30C0B59}"
EndProject
Project("{FAE04EC0-301F-11D3-BF4B-00C04F79EFBC}") = "Way2Commerce.Identity", "src\Way2Commerce.Identity\Way2Commerce.Identity.csproj", "{40428569-3C78-4B2F-9FD8-B12E1E9B1C38}"
EndProject
Project("{FAE04EC0-301F-11D3-BF4B-00C04F79EFBC}") = "Way2Commerce.Application", "src\Way2Commerce.Application\Way2Commerce.Application.csproj", "{4BE132DA-2561-415D-A1B9-7B3E72794DAB}"
EndProject
Global
	GlobalSection(SolutionConfigurationPlatforms) = preSolution
		Debug|Any CPU = Debug|Any CPU
		Release|Any CPU = Release|Any CPU
	EndGlobalSection
	GlobalSection(ProjectConfigurationPlatforms) = postSolution
		{549B657C-7F5E-401A-B053-3CE46DB47A1E}.Debug|Any CPU.ActiveCfg = Debug|Any CPU
		{549B657C-7F5E-401A-B053-3CE46DB47A1E}.Debug|Any CPU.Build.0 = Debug|Any CPU
		{549B657C-7F5E-401A-B053-3CE46DB47A1E}.Release|Any CPU.ActiveCfg = Release|Any CPU
		{549B657C-7F5E-401A-B053-3CE46DB47A1E}.Release|Any CPU.Build.0 = Release|Any CPU
		{AF403D63-BE8C-40CD-A76C-EE978448E51C}.Debug|Any CPU.ActiveCfg = Debug|Any CPU
		{AF403D63-BE8C-40CD-A76C-EE978448E51C}.Debug|Any CPU.Build.0 = Debug|Any CPU
		{AF403D63-BE8C-40CD-A76C-EE978448E51C}.Release|Any CPU.ActiveCfg = Release|Any CPU
		{AF403D63-BE8C-40CD-A76C-EE978448E51C}.Release|Any CPU.Build.0 = Release|Any CPU
		{DACC224F-3880-4E66-BA51-2060E2DEB99D}.Debug|Any CPU.ActiveCfg = Debug|Any CPU
		{DACC224F-3880-4E66-BA51-2060E2DEB99D}.Debug|Any CPU.Build.0 = Debug|Any CPU
		{DACC224F-3880-4E66-BA51-2060E2DEB99D}.Release|Any CPU.ActiveCfg = Release|Any CPU
		{DACC224F-3880-4E66-BA51-2060E2DEB99D}.Release|Any CPU.Build.0 = Release|Any CPU
		{8CDDA110-7134-4ADF-A103-BB53A02BFC33}.Debug|Any CPU.ActiveCfg = Debug|Any CPU
		{8CDDA110-7134-4ADF-A103-BB53A02BFC33}.Debug|Any CPU.Build.0 = Debug|Any CPU
		{8CDDA110-7134-4ADF-A103-BB53A02BFC33}.Release|Any CPU.ActiveCfg = Release|Any CPU
		{8CDDA110-7134-4ADF-A103-BB53A02BFC33}.Release|Any CPU.Build.0 = Release|Any CPU
		{0A857674-B93B-4524-9799-3529E30C0B59}.Debug|Any CPU.ActiveCfg = Debug|Any CPU
		{0A857674-B93B-4524-9799-3529E30C0B59}.Debug|Any CPU.Build.0 = Debug|Any CPU
		{0A857674-B93B-4524-9799-3529E30C0B59}.Release|Any CPU.ActiveCfg = Release|Any CPU
		{0A857674-B93B-4524-9799-3529E30C0B59}.Release|Any CPU.Build.0 = Release|Any CPU
		{40428569-3C78-4B2F-9FD8-B12E1E9B1C38}.Debug|Any CPU.ActiveCfg = Debug|Any CPU
		{40428569-3C78-4B2F-9FD8-B12E1E9B1C38}.Debug|Any CPU.Build.0 = Debug|Any CPU
		{40428569-3C78-4B2F-9FD8-B12E1E9B1C38}.Release|Any CPU.ActiveCfg = Release|Any CPU
		{40428569-3C78-4B2F-9FD8-B12E1E9B1C38}.Release|Any CPU.Build.0 = Release|Any CPU
		{4BE132DA-2561-415D-A1B9-7B3E72794DAB}.Debug|Any CPU.ActiveCfg = Debug|Any CPU
		{4BE132DA-2561-415D-A1B9-7B3E72794DAB}.Debug|Any CPU.Build.0 = Debug|Any CPU
		{4BE132DA-2561-415D-A1B9-7B3E72794DAB}.Release|Any CPU.ActiveCfg = Release|Any CPU
		{4BE132DA-2561-415D-A1B9-7B3E72794DAB}.Release|Any CPU.Build.0 = Release|Any CPU
	EndGlobalSection
	GlobalSection(SolutionProperties) = preSolution
		HideSolutionNode = FALSE
	EndGlobalSection
	GlobalSection(NestedProjects) = preSolution
		{549B657C-7F5E-401A-B053-3CE46DB47A1E} = {5B194365-E498-4DE5-BD41-485B20D488C8}
		{AF403D63-BE8C-40CD-A76C-EE978448E51C} = {5B194365-E498-4DE5-BD41-485B20D488C8}
		{DACC224F-3880-4E66-BA51-2060E2DEB99D} = {5B194365-E498-4DE5-BD41-485B20D488C8}
		{8CDDA110-7134-4ADF-A103-BB53A02BFC33} = {0753C455-1E69-49BF-B290-89B68381A996}
		{0A857674-B93B-4524-9799-3529E30C0B59} = {0753C455-1E69-49BF-B290-89B68381A996}
		{40428569-3C78-4B2F-9FD8-B12E1E9B1C38} = {5B194365-E498-4DE5-BD41-485B20D488C8}
		{4BE132DA-2561-415D-A1B9-7B3E72794DAB} = {5B194365-E498-4DE5-BD41-485B20D488C8}
	EndGlobalSection
	GlobalSection(ExtensibilityGlobals) = postSolution
		SolutionGuid = {E684C85C-08EA-4CF9-9C52-8AEC8D930EF3}
	EndGlobalSection
EndGlobal
